schema: '2.0'
stages:
  load_data:
    cmd: python src/stage_01_load_and_save.py --config=params.yaml
    deps:
    - path: src/stage_01_load_and_save.py
      md5: 32f106c5b550ef8cf5ed73e4f1279419
      size: 1174
    - path: src/utils/common_utils.py
      md5: f25d72709cf950dc97ad0c544a26ae19
      size: 1257
    params:
      params.yaml:
        artifacts.raw_local_data: artifacts/raw_local_data_dir/data.csv
        data_source.s3_source: C:\Users\bishw\OneDrive\Documents\winequality-red.csv
    outs:
    - path: artifacts/raw_local_data_dir/data.csv
      md5: b81c95040ccc1f04820095a237ba3c61
      size: 95085
  split_data:
    cmd: python src/stage_02_split_data.py --config=params.yaml
    deps:
    - path: artifacts/raw_local_data_dir/data.csv
      md5: b81c95040ccc1f04820095a237ba3c61
      size: 95085
    - path: src/stage_02_split_data.py
      md5: 34550796d6399403a92df26a49123350
      size: 1491
    - path: src/utils/common_utils.py
      md5: f25d72709cf950dc97ad0c544a26ae19
      size: 1257
    params:
      params.yaml:
        artifacts.raw_local_data: artifacts/raw_local_data_dir/data.csv
        artifacts.split_date.processed_data_dir: artifacts/processed_data
        artifacts.split_date.test_path: artifacts/processed_data/test.csv
        artifacts.split_date.train_path: artifacts/processed_data/train.csv
        base.random_state: 1429
        base.test_size: 0.2
    outs:
    - path: artifacts/processed_data/test.csv
      md5: 1d99c8fff034000bbfea5fb0cea605cb
      size: 76018
    - path: artifacts/processed_data/train.csv
      md5: d510266e1000ad90309769b4fa7835ca
      size: 19214
  train_data:
    cmd: python src/stage_03_train.py --config=params.yaml
    deps:
    - path: artifacts/processed_data/train.csv
      md5: d510266e1000ad90309769b4fa7835ca
      size: 19214
    - path: src/stage_03_train.py
      md5: d8295ae941d0a45ffe6e1cbcb09c6e93
      size: 2073
    - path: src/utils/common_utils.py
      md5: f25d72709cf950dc97ad0c544a26ae19
      size: 1257
    params:
      params.yaml:
        artifacts.split_date.train_path: artifacts/processed_data/train.csv
        base.random_state: 1429
        base.target_col: quality
        estimators.ElasticNet.params.alpha: 0.9
        estimators.ElasticNet.params.l1_ratio: 0.4
    outs:
    - path: artifacts/reports/params.json
      md5: a4aab0167612f21a6085dd05cfafdbf6
      size: 44
    - path: artifacts/saved_models/model.joblib
      md5: 843544a247b6c29c045cb52e23731859
      size: 1199
  eval_data:
    cmd: python src/stage_04_evaluate.py --config=params.yaml
    deps:
    - path: artifacts/processed_data/test.csv
      md5: 1d99c8fff034000bbfea5fb0cea605cb
      size: 76018
    - path: artifacts/saved_models/model.joblib
      md5: 843544a247b6c29c045cb52e23731859
      size: 1199
    - path: src/stage_04_evaluate.py
      md5: f13c16fc07b1d17756829105dec9516e
      size: 1667
    - path: src/utils/common_utils.py
      md5: f25d72709cf950dc97ad0c544a26ae19
      size: 1257
    params:
      params.yaml:
        artifacts.split_date.test_path: artifacts/processed_data/test.csv
        base.target_col: quality
    outs:
    - path: artifacts/reports/scores.json
      md5: fc4586a1a5f33c7d49cc171d61ac1ea8
      size: 100
